
Microsoft Visual Studio Solution File, Format Version 12.00
# Visual Studio 15
VisualStudioVersion = 15.0.28307.1705
MinimumVisualStudioVersion = 10.0.40219.1
Project("{FAE04EC0-301F-11D3-BF4B-00C04F79EFBC}") = "Commands", "Commands\Commands.csproj", "{B5720D67-646B-414F-B25A-6431EB8D4AC2}"
EndProject
Project("{FAE04EC0-301F-11D3-BF4B-00C04F79EFBC}") = "Services", "Services\Services.csproj", "{A8ED87B9-23B0-4E10-8CE7-6B124BFF35A2}"
EndProject
Project("{FAE04EC0-301F-11D3-BF4B-00C04F79EFBC}") = "Starter", "Starter\Starter.csproj", "{DB8E957B-05EF-464F-8CFA-ACD1DFF672C1}"
EndProject
Project("{FAE04EC0-301F-11D3-BF4B-00C04F79EFBC}") = "InstallAction", "InstallAction\InstallAction.csproj", "{D661D621-548F-4F64-AEF8-1AD5B86A1638}"
EndProject
Global
	GlobalSection(SolutionConfigurationPlatforms) = preSolution
		Debug|Any CPU = Debug|Any CPU
		Release|Any CPU = Release|Any CPU
	EndGlobalSection
	GlobalSection(ProjectConfigurationPlatforms) = postSolution
		{B5720D67-646B-414F-B25A-6431EB8D4AC2}.Debug|Any CPU.ActiveCfg = Debug|Any CPU
		{B5720D67-646B-414F-B25A-6431EB8D4AC2}.Debug|Any CPU.Build.0 = Debug|Any CPU
		{B5720D67-646B-414F-B25A-6431EB8D4AC2}.Release|Any CPU.ActiveCfg = Release|Any CPU
		{B5720D67-646B-414F-B25A-6431EB8D4AC2}.Release|Any CPU.Build.0 = Release|Any CPU
		{A8ED87B9-23B0-4E10-8CE7-6B124BFF35A2}.Debug|Any CPU.ActiveCfg = Debug|Any CPU
		{A8ED87B9-23B0-4E10-8CE7-6B124BFF35A2}.Debug|Any CPU.Build.0 = Debug|Any CPU
		{A8ED87B9-23B0-4E10-8CE7-6B124BFF35A2}.Release|Any CPU.ActiveCfg = Release|Any CPU
		{A8ED87B9-23B0-4E10-8CE7-6B124BFF35A2}.Release|Any CPU.Build.0 = Release|Any CPU
		{DB8E957B-05EF-464F-8CFA-ACD1DFF672C1}.Debug|Any CPU.ActiveCfg = Debug|Any CPU
		{DB8E957B-05EF-464F-8CFA-ACD1DFF672C1}.Debug|Any CPU.Build.0 = Debug|Any CPU
		{DB8E957B-05EF-464F-8CFA-ACD1DFF672C1}.Release|Any CPU.ActiveCfg = Release|Any CPU
		{DB8E957B-05EF-464F-8CFA-ACD1DFF672C1}.Release|Any CPU.Build.0 = Release|Any CPU
		{D661D621-548F-4F64-AEF8-1AD5B86A1638}.Debug|Any CPU.ActiveCfg = Debug|Any CPU
		{D661D621-548F-4F64-AEF8-1AD5B86A1638}.Debug|Any CPU.Build.0 = Debug|Any CPU
		{D661D621-548F-4F64-AEF8-1AD5B86A1638}.Release|Any CPU.ActiveCfg = Release|Any CPU
		{D661D621-548F-4F64-AEF8-1AD5B86A1638}.Release|Any CPU.Build.0 = Release|Any CPU
	EndGlobalSection
	GlobalSection(SolutionProperties) = preSolution
		HideSolutionNode = FALSE
	EndGlobalSection
	GlobalSection(ExtensibilityGlobals) = postSolution
		SolutionGuid = {0E41F930-C75F-4AFB-88E2-E661EFB75757}
	EndGlobalSection
EndGlobal
